
Microsoft Visual Studio Solution File, Format Version 12.00
# Visual Studio 15
VisualStudioVersion = 15.0.26403.7
MinimumVisualStudioVersion = 10.0.40219.1
Project("{FAE04EC0-301F-11D3-BF4B-00C04F79EFBC}") = "App_201704.Android", "App_201704\App_201704.Android\App_201704.Android.csproj", "{41DAD771-C488-45CF-8374-66AC80EB93F7}"
EndProject
Project("{FAE04EC0-301F-11D3-BF4B-00C04F79EFBC}") = "App_201704", "App_201704\App_201704\App_201704.csproj", "{C942EE9A-3EB5-48C7-A537-B363D33AFB8F}"
EndProject
Project("{FAE04EC0-301F-11D3-BF4B-00C04F79EFBC}") = "App_201704.iOS", "App_201704\App_201704.iOS\App_201704.iOS.csproj", "{3DF22524-4A8B-47CC-A914-D4766069D43F}"
EndProject
Global
	GlobalSection(SolutionConfigurationPlatforms) = preSolution
		Ad-Hoc|Any CPU = Ad-Hoc|Any CPU
		Ad-Hoc|iPhone = Ad-Hoc|iPhone
		Ad-Hoc|iPhoneSimulator = Ad-Hoc|iPhoneSimulator
		AppStore|Any CPU = AppStore|Any CPU
		AppStore|iPhone = AppStore|iPhone
		AppStore|iPhoneSimulator = AppStore|iPhoneSimulator
		Debug|Any CPU = Debug|Any CPU
		Debug|iPhone = Debug|iPhone
		Debug|iPhoneSimulator = Debug|iPhoneSimulator
		Release|Any CPU = Release|Any CPU
		Release|iPhone = Release|iPhone
		Release|iPhoneSimulator = Release|iPhoneSimulator
	EndGlobalSection
	GlobalSection(ProjectConfigurationPlatforms) = postSolution
		{41DAD771-C488-45CF-8374-66AC80EB93F7}.Ad-Hoc|Any CPU.ActiveCfg = Release|Any CPU
		{41DAD771-C488-45CF-8374-66AC80EB93F7}.Ad-Hoc|Any CPU.Build.0 = Release|Any CPU
		{41DAD771-C488-45CF-8374-66AC80EB93F7}.Ad-Hoc|Any CPU.Deploy.0 = Release|Any CPU
		{41DAD771-C488-45CF-8374-66AC80EB93F7}.Ad-Hoc|iPhone.ActiveCfg = Release|Any CPU
		{41DAD771-C488-45CF-8374-66AC80EB93F7}.Ad-Hoc|iPhone.Build.0 = Release|Any CPU
		{41DAD771-C488-45CF-8374-66AC80EB93F7}.Ad-Hoc|iPhone.Deploy.0 = Release|Any CPU
		{41DAD771-C488-45CF-8374-66AC80EB93F7}.Ad-Hoc|iPhoneSimulator.ActiveCfg = Release|Any CPU
		{41DAD771-C488-45CF-8374-66AC80EB93F7}.Ad-Hoc|iPhoneSimulator.Build.0 = Release|Any CPU
		{41DAD771-C488-45CF-8374-66AC80EB93F7}.Ad-Hoc|iPhoneSimulator.Deploy.0 = Release|Any CPU
		{41DAD771-C488-45CF-8374-66AC80EB93F7}.AppStore|Any CPU.ActiveCfg = Release|Any CPU
		{41DAD771-C488-45CF-8374-66AC80EB93F7}.AppStore|Any CPU.Build.0 = Release|Any CPU
		{41DAD771-C488-45CF-8374-66AC80EB93F7}.AppStore|Any CPU.Deploy.0 = Release|Any CPU
		{41DAD771-C488-45CF-8374-66AC80EB93F7}.AppStore|iPhone.ActiveCfg = Release|Any CPU
		{41DAD771-C488-45CF-8374-66AC80EB93F7}.AppStore|iPhone.Build.0 = Release|Any CPU
		{41DAD771-C488-45CF-8374-66AC80EB93F7}.AppStore|iPhone.Deploy.0 = Release|Any CPU
		{41DAD771-C488-45CF-8374-66AC80EB93F7}.AppStore|iPhoneSimulator.ActiveCfg = Release|Any CPU
		{41DAD771-C488-45CF-8374-66AC80EB93F7}.AppStore|iPhoneSimulator.Build.0 = Release|Any CPU
		{41DAD771-C488-45CF-8374-66AC80EB93F7}.AppStore|iPhoneSimulator.Deploy.0 = Release|Any CPU
		{41DAD771-C488-45CF-8374-66AC80EB93F7}.Debug|Any CPU.ActiveCfg = Debug|Any CPU
		{41DAD771-C488-45CF-8374-66AC80EB93F7}.Debug|Any CPU.Build.0 = Debug|Any CPU
		{41DAD771-C488-45CF-8374-66AC80EB93F7}.Debug|Any CPU.Deploy.0 = Debug|Any CPU
		{41DAD771-C488-45CF-8374-66AC80EB93F7}.Debug|iPhone.ActiveCfg = Debug|Any CPU
		{41DAD771-C488-45CF-8374-66AC80EB93F7}.Debug|iPhone.Build.0 = Debug|Any CPU
		{41DAD771-C488-45CF-8374-66AC80EB93F7}.Debug|iPhone.Deploy.0 = Debug|Any CPU
		{41DAD771-C488-45CF-8374-66AC80EB93F7}.Debug|iPhoneSimulator.ActiveCfg = Debug|Any CPU
		{41DAD771-C488-45CF-8374-66AC80EB93F7}.Debug|iPhoneSimulator.Build.0 = Debug|Any CPU
		{41DAD771-C488-45CF-8374-66AC80EB93F7}.Debug|iPhoneSimulator.Deploy.0 = Debug|Any CPU
		{41DAD771-C488-45CF-8374-66AC80EB93F7}.Release|Any CPU.ActiveCfg = Release|Any CPU
		{41DAD771-C488-45CF-8374-66AC80EB93F7}.Release|Any CPU.Build.0 = Release|Any CPU
		{41DAD771-C488-45CF-8374-66AC80EB93F7}.Release|Any CPU.Deploy.0 = Release|Any CPU
		{41DAD771-C488-45CF-8374-66AC80EB93F7}.Release|iPhone.ActiveCfg = Release|Any CPU
		{41DAD771-C488-45CF-8374-66AC80EB93F7}.Release|iPhone.Build.0 = Release|Any CPU
		{41DAD771-C488-45CF-8374-66AC80EB93F7}.Release|iPhone.Deploy.0 = Release|Any CPU
		{41DAD771-C488-45CF-8374-66AC80EB93F7}.Release|iPhoneSimulator.ActiveCfg = Release|Any CPU
		{41DAD771-C488-45CF-8374-66AC80EB93F7}.Release|iPhoneSimulator.Build.0 = Release|Any CPU
		{41DAD771-C488-45CF-8374-66AC80EB93F7}.Release|iPhoneSimulator.Deploy.0 = Release|Any CPU
		{C942EE9A-3EB5-48C7-A537-B363D33AFB8F}.Ad-Hoc|Any CPU.ActiveCfg = Release|Any CPU
		{C942EE9A-3EB5-48C7-A537-B363D33AFB8F}.Ad-Hoc|Any CPU.Build.0 = Release|Any CPU
		{C942EE9A-3EB5-48C7-A537-B363D33AFB8F}.Ad-Hoc|iPhone.ActiveCfg = Release|Any CPU
		{C942EE9A-3EB5-48C7-A537-B363D33AFB8F}.Ad-Hoc|iPhone.Build.0 = Release|Any CPU
		{C942EE9A-3EB5-48C7-A537-B363D33AFB8F}.Ad-Hoc|iPhoneSimulator.ActiveCfg = Release|Any CPU
		{C942EE9A-3EB5-48C7-A537-B363D33AFB8F}.Ad-Hoc|iPhoneSimulator.Build.0 = Release|Any CPU
		{C942EE9A-3EB5-48C7-A537-B363D33AFB8F}.AppStore|Any CPU.ActiveCfg = Release|Any CPU
		{C942EE9A-3EB5-48C7-A537-B363D33AFB8F}.AppStore|Any CPU.Build.0 = Release|Any CPU
		{C942EE9A-3EB5-48C7-A537-B363D33AFB8F}.AppStore|iPhone.ActiveCfg = Release|Any CPU
		{C942EE9A-3EB5-48C7-A537-B363D33AFB8F}.AppStore|iPhone.Build.0 = Release|Any CPU
		{C942EE9A-3EB5-48C7-A537-B363D33AFB8F}.AppStore|iPhoneSimulator.ActiveCfg = Release|Any CPU
		{C942EE9A-3EB5-48C7-A537-B363D33AFB8F}.AppStore|iPhoneSimulator.Build.0 = Release|Any CPU
		{C942EE9A-3EB5-48C7-A537-B363D33AFB8F}.Debug|Any CPU.ActiveCfg = Debug|Any CPU
		{C942EE9A-3EB5-48C7-A537-B363D33AFB8F}.Debug|Any CPU.Build.0 = Debug|Any CPU
		{C942EE9A-3EB5-48C7-A537-B363D33AFB8F}.Debug|iPhone.ActiveCfg = Debug|Any CPU
		{C942EE9A-3EB5-48C7-A537-B363D33AFB8F}.Debug|iPhone.Build.0 = Debug|Any CPU
		{C942EE9A-3EB5-48C7-A537-B363D33AFB8F}.Debug|iPhoneSimulator.ActiveCfg = Debug|Any CPU
		{C942EE9A-3EB5-48C7-A537-B363D33AFB8F}.Debug|iPhoneSimulator.Build.0 = Debug|Any CPU
		{C942EE9A-3EB5-48C7-A537-B363D33AFB8F}.Release|Any CPU.ActiveCfg = Release|Any CPU
		{C942EE9A-3EB5-48C7-A537-B363D33AFB8F}.Release|Any CPU.Build.0 = Release|Any CPU
		{C942EE9A-3EB5-48C7-A537-B363D33AFB8F}.Release|iPhone.ActiveCfg = Release|Any CPU
		{C942EE9A-3EB5-48C7-A537-B363D33AFB8F}.Release|iPhone.Build.0 = Release|Any CPU
		{C942EE9A-3EB5-48C7-A537-B363D33AFB8F}.Release|iPhoneSimulator.ActiveCfg = Release|Any CPU
		{C942EE9A-3EB5-48C7-A537-B363D33AFB8F}.Release|iPhoneSimulator.Build.0 = Release|Any CPU
		{3DF22524-4A8B-47CC-A914-D4766069D43F}.Ad-Hoc|Any CPU.ActiveCfg = Ad-Hoc|iPhone
		{3DF22524-4A8B-47CC-A914-D4766069D43F}.Ad-Hoc|iPhone.ActiveCfg = Ad-Hoc|iPhone
		{3DF22524-4A8B-47CC-A914-D4766069D43F}.Ad-Hoc|iPhone.Build.0 = Ad-Hoc|iPhone
		{3DF22524-4A8B-47CC-A914-D4766069D43F}.Ad-Hoc|iPhoneSimulator.ActiveCfg = Ad-Hoc|iPhoneSimulator
		{3DF22524-4A8B-47CC-A914-D4766069D43F}.Ad-Hoc|iPhoneSimulator.Build.0 = Ad-Hoc|iPhoneSimulator
		{3DF22524-4A8B-47CC-A914-D4766069D43F}.AppStore|Any CPU.ActiveCfg = AppStore|iPhone
		{3DF22524-4A8B-47CC-A914-D4766069D43F}.AppStore|iPhone.ActiveCfg = AppStore|iPhone
		{3DF22524-4A8B-47CC-A914-D4766069D43F}.AppStore|iPhone.Build.0 = AppStore|iPhone
		{3DF22524-4A8B-47CC-A914-D4766069D43F}.AppStore|iPhoneSimulator.ActiveCfg = AppStore|iPhoneSimulator
		{3DF22524-4A8B-47CC-A914-D4766069D43F}.AppStore|iPhoneSimulator.Build.0 = AppStore|iPhoneSimulator
		{3DF22524-4A8B-47CC-A914-D4766069D43F}.Debug|Any CPU.ActiveCfg = Debug|iPhone
		{3DF22524-4A8B-47CC-A914-D4766069D43F}.Debug|iPhone.ActiveCfg = Debug|iPhone
		{3DF22524-4A8B-47CC-A914-D4766069D43F}.Debug|iPhone.Build.0 = Debug|iPhone
		{3DF22524-4A8B-47CC-A914-D4766069D43F}.Debug|iPhoneSimulator.ActiveCfg = Debug|iPhoneSimulator
		{3DF22524-4A8B-47CC-A914-D4766069D43F}.Debug|iPhoneSimulator.Build.0 = Debug|iPhoneSimulator
		{3DF22524-4A8B-47CC-A914-D4766069D43F}.Release|Any CPU.ActiveCfg = Release|iPhone
		{3DF22524-4A8B-47CC-A914-D4766069D43F}.Release|iPhone.ActiveCfg = Release|iPhone
		{3DF22524-4A8B-47CC-A914-D4766069D43F}.Release|iPhone.Build.0 = Release|iPhone
		{3DF22524-4A8B-47CC-A914-D4766069D43F}.Release|iPhoneSimulator.ActiveCfg = Release|iPhoneSimulator
		{3DF22524-4A8B-47CC-A914-D4766069D43F}.Release|iPhoneSimulator.Build.0 = Release|iPhoneSimulator
	EndGlobalSection
	GlobalSection(SolutionProperties) = preSolution
		HideSolutionNode = FALSE
	EndGlobalSection
EndGlobal
